
Microsoft Visual Studio Solution File, Format Version 12.00
# Visual Studio Version 16
VisualStudioVersion = 16.0.30717.126
MinimumVisualStudioVersion = 10.0.40219.1
Project("{FAE04EC0-301F-11D3-BF4B-00C04F79EFBC}") = "SriOHLCBuilder", "SriOHLCBuilder\SriOHLCBuilder.csproj", "{EB6305E2-AC17-4850-B724-A958304ED9F3}"
EndProject
Project("{FAE04EC0-301F-11D3-BF4B-00C04F79EFBC}") = "SriOHLCBuilderModel", "SriOHLCBuilderModel\SriOHLCBuilderModel.csproj", "{977DB14B-AC75-41EC-B433-BE9DD2B4CB7A}"
EndProject
Project("{FAE04EC0-301F-11D3-BF4B-00C04F79EFBC}") = "SriOHLCBuilderProcess", "SriOHLCBuilderProcess\SriOHLCBuilderProcess.csproj", "{443A7305-A171-4E9C-B75A-6FA4133B71CF}"
EndProject
Global
	GlobalSection(SolutionConfigurationPlatforms) = preSolution
		Debug|Any CPU = Debug|Any CPU
		Release|Any CPU = Release|Any CPU
	EndGlobalSection
	GlobalSection(ProjectConfigurationPlatforms) = postSolution
		{EB6305E2-AC17-4850-B724-A958304ED9F3}.Debug|Any CPU.ActiveCfg = Debug|Any CPU
		{EB6305E2-AC17-4850-B724-A958304ED9F3}.Debug|Any CPU.Build.0 = Debug|Any CPU
		{EB6305E2-AC17-4850-B724-A958304ED9F3}.Release|Any CPU.ActiveCfg = Release|Any CPU
		{EB6305E2-AC17-4850-B724-A958304ED9F3}.Release|Any CPU.Build.0 = Release|Any CPU
		{977DB14B-AC75-41EC-B433-BE9DD2B4CB7A}.Debug|Any CPU.ActiveCfg = Debug|Any CPU
		{977DB14B-AC75-41EC-B433-BE9DD2B4CB7A}.Debug|Any CPU.Build.0 = Debug|Any CPU
		{977DB14B-AC75-41EC-B433-BE9DD2B4CB7A}.Release|Any CPU.ActiveCfg = Release|Any CPU
		{977DB14B-AC75-41EC-B433-BE9DD2B4CB7A}.Release|Any CPU.Build.0 = Release|Any CPU
		{443A7305-A171-4E9C-B75A-6FA4133B71CF}.Debug|Any CPU.ActiveCfg = Debug|Any CPU
		{443A7305-A171-4E9C-B75A-6FA4133B71CF}.Debug|Any CPU.Build.0 = Debug|Any CPU
		{443A7305-A171-4E9C-B75A-6FA4133B71CF}.Release|Any CPU.ActiveCfg = Release|Any CPU
		{443A7305-A171-4E9C-B75A-6FA4133B71CF}.Release|Any CPU.Build.0 = Release|Any CPU
	EndGlobalSection
	GlobalSection(SolutionProperties) = preSolution
		HideSolutionNode = FALSE
	EndGlobalSection
	GlobalSection(ExtensibilityGlobals) = postSolution
		SolutionGuid = {92B9F3AB-D1A5-4FC8-AF16-615853671FEE}
	EndGlobalSection
EndGlobal
